
Microsoft Visual Studio Solution File, Format Version 12.00
# Visual Studio Version 16
VisualStudioVersion = 16.0.31515.178
MinimumVisualStudioVersion = 10.0.40219.1
Project("{9A19103F-16F7-4668-BE54-9A1E7A4F7556}") = "StringCalculatorKata", "StringCalculatorKata\StringCalculatorKata.csproj", "{715DF08C-3673-4CF6-8AF9-1BB7D25A2383}"
EndProject
Project("{2150E333-8FDC-42A3-9474-1A3956D46DE8}") = "StringCalculator", "StringCalculator", "{F0E491E9-7F94-4B25-9AE4-9D3A81EBDA8B}"
EndProject
Project("{2150E333-8FDC-42A3-9474-1A3956D46DE8}") = "BowlingGame", "BowlingGame", "{23E43BDB-FC79-4C83-A788-6B449D67B4EE}"
EndProject
Project("{9A19103F-16F7-4668-BE54-9A1E7A4F7556}") = "BowlingGameKata", "BowlingGameKata\BowlingGameKata.csproj", "{F0A04A3A-293E-4990-81B2-CB47A686325A}"
EndProject
Project("{9A19103F-16F7-4668-BE54-9A1E7A4F7556}") = "BowlingGameKata.Tests", "BowlingGameKata.Tests\BowlingGameKata.Tests.csproj", "{CCAB4C9C-179E-4944-B8C3-2F8296195EEF}"
EndProject
Project("{9A19103F-16F7-4668-BE54-9A1E7A4F7556}") = "StringCalculatorKata.Tests", "StringCalculatorKata.Tests\StringCalculatorKata.Tests.csproj", "{B7F79720-8E10-4B07-A550-28BB55DAD0FB}"
EndProject
Project("{2150E333-8FDC-42A3-9474-1A3956D46DE8}") = "Solution Items", "Solution Items", "{B26DB7C3-AE34-4EC9-8E05-8FD4B84DCA46}"
	ProjectSection(SolutionItems) = preProject
		Readme.txt = Readme.txt
	EndProjectSection
EndProject
Project("{2150E333-8FDC-42A3-9474-1A3956D46DE8}") = "WardRobe", "WardRobe", "{A08CC3B7-93D1-4873-A07A-A772D461C28D}"
EndProject
Project("{9A19103F-16F7-4668-BE54-9A1E7A4F7556}") = "WardrobeKata", "WardrobeKata\WardrobeKata.csproj", "{AE31287C-8297-427E-8B95-5A13719B4583}"
EndProject
Project("{9A19103F-16F7-4668-BE54-9A1E7A4F7556}") = "WardrobeKata.Tests", "WardrobeKata.Tests\WardrobeKata.Tests.csproj", "{A4FE6A50-3064-4FFD-8132-08543C32F06A}"
EndProject
Project("{2150E333-8FDC-42A3-9474-1A3956D46DE8}") = "RomanNumber", "RomanNumber", "{7D1231A7-B6E4-4A80-8463-DE3818812655}"
EndProject
Project("{9A19103F-16F7-4668-BE54-9A1E7A4F7556}") = "RomanNumberKata", "RomanNumberKata\RomanNumberKata.csproj", "{99FBF0F6-D6AA-4515-83BD-74FED5233810}"
EndProject
Project("{9A19103F-16F7-4668-BE54-9A1E7A4F7556}") = "RomanNumberKata.Tests", "RomanNumber.Tests\RomanNumberKata.Tests.csproj", "{CA703669-F912-48F2-8608-3AE520AD1458}"
EndProject
Project("{2150E333-8FDC-42A3-9474-1A3956D46DE8}") = "FizzBuzz", "FizzBuzz", "{7C48A747-A02B-490A-A178-2EAEF54A8AFE}"
EndProject
Project("{9A19103F-16F7-4668-BE54-9A1E7A4F7556}") = "FizzBuzzKata", "FizzBuzzKata\FizzBuzzKata.csproj", "{55D81947-DC85-46B8-8F30-AB579536CFDD}"
EndProject
Project("{9A19103F-16F7-4668-BE54-9A1E7A4F7556}") = "FizzBuzzKata.Tests", "FizzBuzzKata.Tests\FizzBuzzKata.Tests.csproj", "{F4231502-891D-4A85-92F6-D6FFA2AB7335}"
EndProject
Project("{2150E333-8FDC-42A3-9474-1A3956D46DE8}") = "Greed", "Greed", "{7C9E26DA-BEEB-4D70-8DDB-4590CB222CD6}"
EndProject
Project("{9A19103F-16F7-4668-BE54-9A1E7A4F7556}") = "GreedKata", "GreedKata\GreedKata.csproj", "{7A49F249-6ED8-400D-B12F-8CB31E06B1B2}"
EndProject
Project("{9A19103F-16F7-4668-BE54-9A1E7A4F7556}") = "GreedKata.Tests", "GreedKata.Tests\GreedKata.Tests.csproj", "{87FA963B-EE7D-49A8-BAA1-1EBEA0619349}"
EndProject
Project("{2150E333-8FDC-42A3-9474-1A3956D46DE8}") = "GidedRose", "GidedRose", "{0995024C-4EA9-4B2F-B433-C0F1FE42245A}"
EndProject
Project("{9A19103F-16F7-4668-BE54-9A1E7A4F7556}") = "GildedRoseKata", "GildedRoseKata\GildedRoseKata.csproj", "{EF914418-9E98-4ADC-AA30-DEEB648467D7}"
EndProject
Project("{9A19103F-16F7-4668-BE54-9A1E7A4F7556}") = "GildedRoseKata.Tests", "GildedRoseKata.Tests\GildedRoseKata.Tests.csproj", "{C8A60FDE-D458-4392-9F2F-4DBCF4F7EEA6}"
EndProject
Project("{2150E333-8FDC-42A3-9474-1A3956D46DE8}") = "BuilderTest", "BuilderTest", "{DA1F13E7-BC8A-440F-BF80-1D7A43F2F6C4}"
EndProject
Project("{FAE04EC0-301F-11D3-BF4B-00C04F79EFBC}") = "BuilderTestKata", "BuilderTestKata\BuilderTestKata.csproj", "{63A60ECA-B8CD-45CC-B61B-C44CDD99ED84}"
EndProject
Project("{FAE04EC0-301F-11D3-BF4B-00C04F79EFBC}") = "BuilderTestKata.Tests", "BuilderTestKata.Tests\BuilderTestKata.Tests.csproj", "{2356C967-60A2-4B7A-A98A-9EB5993C296F}"
EndProject
Global
	GlobalSection(SolutionConfigurationPlatforms) = preSolution
		Debug|Any CPU = Debug|Any CPU
		Release|Any CPU = Release|Any CPU
	EndGlobalSection
	GlobalSection(ProjectConfigurationPlatforms) = postSolution
		{715DF08C-3673-4CF6-8AF9-1BB7D25A2383}.Debug|Any CPU.ActiveCfg = Debug|Any CPU
		{715DF08C-3673-4CF6-8AF9-1BB7D25A2383}.Debug|Any CPU.Build.0 = Debug|Any CPU
		{715DF08C-3673-4CF6-8AF9-1BB7D25A2383}.Release|Any CPU.ActiveCfg = Release|Any CPU
		{715DF08C-3673-4CF6-8AF9-1BB7D25A2383}.Release|Any CPU.Build.0 = Release|Any CPU
		{F0A04A3A-293E-4990-81B2-CB47A686325A}.Debug|Any CPU.ActiveCfg = Debug|Any CPU
		{F0A04A3A-293E-4990-81B2-CB47A686325A}.Debug|Any CPU.Build.0 = Debug|Any CPU
		{F0A04A3A-293E-4990-81B2-CB47A686325A}.Release|Any CPU.ActiveCfg = Release|Any CPU
		{F0A04A3A-293E-4990-81B2-CB47A686325A}.Release|Any CPU.Build.0 = Release|Any CPU
		{CCAB4C9C-179E-4944-B8C3-2F8296195EEF}.Debug|Any CPU.ActiveCfg = Debug|Any CPU
		{CCAB4C9C-179E-4944-B8C3-2F8296195EEF}.Debug|Any CPU.Build.0 = Debug|Any CPU
		{CCAB4C9C-179E-4944-B8C3-2F8296195EEF}.Release|Any CPU.ActiveCfg = Release|Any CPU
		{CCAB4C9C-179E-4944-B8C3-2F8296195EEF}.Release|Any CPU.Build.0 = Release|Any CPU
		{B7F79720-8E10-4B07-A550-28BB55DAD0FB}.Debug|Any CPU.ActiveCfg = Debug|Any CPU
		{B7F79720-8E10-4B07-A550-28BB55DAD0FB}.Debug|Any CPU.Build.0 = Debug|Any CPU
		{B7F79720-8E10-4B07-A550-28BB55DAD0FB}.Release|Any CPU.ActiveCfg = Release|Any CPU
		{B7F79720-8E10-4B07-A550-28BB55DAD0FB}.Release|Any CPU.Build.0 = Release|Any CPU
		{AE31287C-8297-427E-8B95-5A13719B4583}.Debug|Any CPU.ActiveCfg = Debug|Any CPU
		{AE31287C-8297-427E-8B95-5A13719B4583}.Debug|Any CPU.Build.0 = Debug|Any CPU
		{AE31287C-8297-427E-8B95-5A13719B4583}.Release|Any CPU.ActiveCfg = Release|Any CPU
		{AE31287C-8297-427E-8B95-5A13719B4583}.Release|Any CPU.Build.0 = Release|Any CPU
		{A4FE6A50-3064-4FFD-8132-08543C32F06A}.Debug|Any CPU.ActiveCfg = Debug|Any CPU
		{A4FE6A50-3064-4FFD-8132-08543C32F06A}.Debug|Any CPU.Build.0 = Debug|Any CPU
		{A4FE6A50-3064-4FFD-8132-08543C32F06A}.Release|Any CPU.ActiveCfg = Release|Any CPU
		{A4FE6A50-3064-4FFD-8132-08543C32F06A}.Release|Any CPU.Build.0 = Release|Any CPU
		{99FBF0F6-D6AA-4515-83BD-74FED5233810}.Debug|Any CPU.ActiveCfg = Debug|Any CPU
		{99FBF0F6-D6AA-4515-83BD-74FED5233810}.Debug|Any CPU.Build.0 = Debug|Any CPU
		{99FBF0F6-D6AA-4515-83BD-74FED5233810}.Release|Any CPU.ActiveCfg = Release|Any CPU
		{99FBF0F6-D6AA-4515-83BD-74FED5233810}.Release|Any CPU.Build.0 = Release|Any CPU
		{CA703669-F912-48F2-8608-3AE520AD1458}.Debug|Any CPU.ActiveCfg = Debug|Any CPU
		{CA703669-F912-48F2-8608-3AE520AD1458}.Debug|Any CPU.Build.0 = Debug|Any CPU
		{CA703669-F912-48F2-8608-3AE520AD1458}.Release|Any CPU.ActiveCfg = Release|Any CPU
		{CA703669-F912-48F2-8608-3AE520AD1458}.Release|Any CPU.Build.0 = Release|Any CPU
		{55D81947-DC85-46B8-8F30-AB579536CFDD}.Debug|Any CPU.ActiveCfg = Debug|Any CPU
		{55D81947-DC85-46B8-8F30-AB579536CFDD}.Debug|Any CPU.Build.0 = Debug|Any CPU
		{55D81947-DC85-46B8-8F30-AB579536CFDD}.Release|Any CPU.ActiveCfg = Release|Any CPU
		{55D81947-DC85-46B8-8F30-AB579536CFDD}.Release|Any CPU.Build.0 = Release|Any CPU
		{F4231502-891D-4A85-92F6-D6FFA2AB7335}.Debug|Any CPU.ActiveCfg = Debug|Any CPU
		{F4231502-891D-4A85-92F6-D6FFA2AB7335}.Debug|Any CPU.Build.0 = Debug|Any CPU
		{F4231502-891D-4A85-92F6-D6FFA2AB7335}.Release|Any CPU.ActiveCfg = Release|Any CPU
		{F4231502-891D-4A85-92F6-D6FFA2AB7335}.Release|Any CPU.Build.0 = Release|Any CPU
		{7A49F249-6ED8-400D-B12F-8CB31E06B1B2}.Debug|Any CPU.ActiveCfg = Debug|Any CPU
		{7A49F249-6ED8-400D-B12F-8CB31E06B1B2}.Debug|Any CPU.Build.0 = Debug|Any CPU
		{7A49F249-6ED8-400D-B12F-8CB31E06B1B2}.Release|Any CPU.ActiveCfg = Release|Any CPU
		{7A49F249-6ED8-400D-B12F-8CB31E06B1B2}.Release|Any CPU.Build.0 = Release|Any CPU
		{87FA963B-EE7D-49A8-BAA1-1EBEA0619349}.Debug|Any CPU.ActiveCfg = Debug|Any CPU
		{87FA963B-EE7D-49A8-BAA1-1EBEA0619349}.Debug|Any CPU.Build.0 = Debug|Any CPU
		{87FA963B-EE7D-49A8-BAA1-1EBEA0619349}.Release|Any CPU.ActiveCfg = Release|Any CPU
		{87FA963B-EE7D-49A8-BAA1-1EBEA0619349}.Release|Any CPU.Build.0 = Release|Any CPU
		{EF914418-9E98-4ADC-AA30-DEEB648467D7}.Debug|Any CPU.ActiveCfg = Debug|Any CPU
		{EF914418-9E98-4ADC-AA30-DEEB648467D7}.Debug|Any CPU.Build.0 = Debug|Any CPU
		{EF914418-9E98-4ADC-AA30-DEEB648467D7}.Release|Any CPU.ActiveCfg = Release|Any CPU
		{EF914418-9E98-4ADC-AA30-DEEB648467D7}.Release|Any CPU.Build.0 = Release|Any CPU
		{C8A60FDE-D458-4392-9F2F-4DBCF4F7EEA6}.Debug|Any CPU.ActiveCfg = Debug|Any CPU
		{C8A60FDE-D458-4392-9F2F-4DBCF4F7EEA6}.Debug|Any CPU.Build.0 = Debug|Any CPU
		{C8A60FDE-D458-4392-9F2F-4DBCF4F7EEA6}.Release|Any CPU.ActiveCfg = Release|Any CPU
		{C8A60FDE-D458-4392-9F2F-4DBCF4F7EEA6}.Release|Any CPU.Build.0 = Release|Any CPU
		{63A60ECA-B8CD-45CC-B61B-C44CDD99ED84}.Debug|Any CPU.ActiveCfg = Debug|Any CPU
		{63A60ECA-B8CD-45CC-B61B-C44CDD99ED84}.Debug|Any CPU.Build.0 = Debug|Any CPU
		{63A60ECA-B8CD-45CC-B61B-C44CDD99ED84}.Release|Any CPU.ActiveCfg = Release|Any CPU
		{63A60ECA-B8CD-45CC-B61B-C44CDD99ED84}.Release|Any CPU.Build.0 = Release|Any CPU
		{2356C967-60A2-4B7A-A98A-9EB5993C296F}.Debug|Any CPU.ActiveCfg = Debug|Any CPU
		{2356C967-60A2-4B7A-A98A-9EB5993C296F}.Debug|Any CPU.Build.0 = Debug|Any CPU
		{2356C967-60A2-4B7A-A98A-9EB5993C296F}.Release|Any CPU.ActiveCfg = Release|Any CPU
		{2356C967-60A2-4B7A-A98A-9EB5993C296F}.Release|Any CPU.Build.0 = Release|Any CPU
	EndGlobalSection
	GlobalSection(SolutionProperties) = preSolution
		HideSolutionNode = FALSE
	EndGlobalSection
	GlobalSection(NestedProjects) = preSolution
		{715DF08C-3673-4CF6-8AF9-1BB7D25A2383} = {F0E491E9-7F94-4B25-9AE4-9D3A81EBDA8B}
		{F0A04A3A-293E-4990-81B2-CB47A686325A} = {23E43BDB-FC79-4C83-A788-6B449D67B4EE}
		{CCAB4C9C-179E-4944-B8C3-2F8296195EEF} = {23E43BDB-FC79-4C83-A788-6B449D67B4EE}
		{B7F79720-8E10-4B07-A550-28BB55DAD0FB} = {F0E491E9-7F94-4B25-9AE4-9D3A81EBDA8B}
		{AE31287C-8297-427E-8B95-5A13719B4583} = {A08CC3B7-93D1-4873-A07A-A772D461C28D}
		{A4FE6A50-3064-4FFD-8132-08543C32F06A} = {A08CC3B7-93D1-4873-A07A-A772D461C28D}
		{99FBF0F6-D6AA-4515-83BD-74FED5233810} = {7D1231A7-B6E4-4A80-8463-DE3818812655}
		{CA703669-F912-48F2-8608-3AE520AD1458} = {7D1231A7-B6E4-4A80-8463-DE3818812655}
		{55D81947-DC85-46B8-8F30-AB579536CFDD} = {7C48A747-A02B-490A-A178-2EAEF54A8AFE}
		{F4231502-891D-4A85-92F6-D6FFA2AB7335} = {7C48A747-A02B-490A-A178-2EAEF54A8AFE}
		{7A49F249-6ED8-400D-B12F-8CB31E06B1B2} = {7C9E26DA-BEEB-4D70-8DDB-4590CB222CD6}
		{87FA963B-EE7D-49A8-BAA1-1EBEA0619349} = {7C9E26DA-BEEB-4D70-8DDB-4590CB222CD6}
		{EF914418-9E98-4ADC-AA30-DEEB648467D7} = {0995024C-4EA9-4B2F-B433-C0F1FE42245A}
		{C8A60FDE-D458-4392-9F2F-4DBCF4F7EEA6} = {0995024C-4EA9-4B2F-B433-C0F1FE42245A}
		{63A60ECA-B8CD-45CC-B61B-C44CDD99ED84} = {DA1F13E7-BC8A-440F-BF80-1D7A43F2F6C4}
		{2356C967-60A2-4B7A-A98A-9EB5993C296F} = {DA1F13E7-BC8A-440F-BF80-1D7A43F2F6C4}
	EndGlobalSection
	GlobalSection(ExtensibilityGlobals) = postSolution
		SolutionGuid = {028E1219-39F9-40E1-A5DC-CF4101BC434D}
	EndGlobalSection
EndGlobal
